
Microsoft Visual Studio Solution File, Format Version 12.00
# Visual Studio 14
VisualStudioVersion = 14.0.22310.1
MinimumVisualStudioVersion = 10.0.40219.1
Project("{FAE04EC0-301F-11D3-BF4B-00C04F79EFBC}") = "SoftwareKobo.XamlToolkit.WinRT", "SoftwareKobo.XamlToolkit.WinRT\SoftwareKobo.XamlToolkit.WinRT.csproj", "{6EDCDF84-6862-41F6-8E68-E077D5AB67B0}"
EndProject
Project("{FAE04EC0-301F-11D3-BF4B-00C04F79EFBC}") = "SoftwareKobo.XamlToolkit.WindowsPhone", "SoftwareKobo.XamlToolkit.WindowsPhone\SoftwareKobo.XamlToolkit.WindowsPhone.csproj", "{16CE9363-E66B-4F58-840E-03C9EFDD7A76}"
EndProject
Project("{FAE04EC0-301F-11D3-BF4B-00C04F79EFBC}") = "SoftwareKobo.XamlToolkit.Windows", "SoftwareKobo.XamlToolkit.Windows\SoftwareKobo.XamlToolkit.Windows.csproj", "{FCFF8D97-D69E-4E47-ACB4-14870BA29351}"
EndProject
Project("{FAE04EC0-301F-11D3-BF4B-00C04F79EFBC}") = "SoftwareKobo.XamlToolkit.WPF", "SoftwareKobo.XamlToolkit.WPF\SoftwareKobo.XamlToolkit.WPF.csproj", "{8C480BDA-1B68-4C0B-9853-630514802135}"
EndProject
Project("{D954291E-2A0B-460D-934E-DC6B0785DB48}") = "SoftwareKobo.XamlToolkit.Shared", "SoftwareKobo.XamlToolkit.Shared\SoftwareKobo.XamlToolkit.Shared.shproj", "{D83EE55A-4791-4CA2-A183-872494DC0573}"
EndProject
Project("{FAE04EC0-301F-11D3-BF4B-00C04F79EFBC}") = "SoftwareKobo.XamlToolkit.Silverlight", "SoftwareKobo.XamlToolkit.Silverlight\SoftwareKobo.XamlToolkit.Silverlight.csproj", "{DD48240B-6C5E-487C-8B4C-549CF7C22E08}"
EndProject
Global
	GlobalSection(SharedMSBuildProjectFiles) = preSolution
		SoftwareKobo.XamlToolkit.Shared\SoftwareKobo.XamlToolkit.Shared.projitems*{dd48240b-6c5e-487c-8b4c-549cf7c22e08}*SharedItemsImports = 4
		SoftwareKobo.XamlToolkit.Shared\SoftwareKobo.XamlToolkit.Shared.projitems*{6edcdf84-6862-41f6-8e68-e077d5ab67b0}*SharedItemsImports = 4
		SoftwareKobo.XamlToolkit.Shared\SoftwareKobo.XamlToolkit.Shared.projitems*{8c480bda-1b68-4c0b-9853-630514802135}*SharedItemsImports = 4
		SoftwareKobo.XamlToolkit.Shared\SoftwareKobo.XamlToolkit.Shared.projitems*{d83ee55a-4791-4ca2-a183-872494dc0573}*SharedItemsImports = 13
	EndGlobalSection
	GlobalSection(SolutionConfigurationPlatforms) = preSolution
		Debug|Any CPU = Debug|Any CPU
		Debug|ARM = Debug|ARM
		Debug|x64 = Debug|x64
		Debug|x86 = Debug|x86
		Release|Any CPU = Release|Any CPU
		Release|ARM = Release|ARM
		Release|x64 = Release|x64
		Release|x86 = Release|x86
	EndGlobalSection
	GlobalSection(ProjectConfigurationPlatforms) = postSolution
		{6EDCDF84-6862-41F6-8E68-E077D5AB67B0}.Debug|Any CPU.ActiveCfg = Debug|Any CPU
		{6EDCDF84-6862-41F6-8E68-E077D5AB67B0}.Debug|Any CPU.Build.0 = Debug|Any CPU
		{6EDCDF84-6862-41F6-8E68-E077D5AB67B0}.Debug|ARM.ActiveCfg = Debug|Any CPU
		{6EDCDF84-6862-41F6-8E68-E077D5AB67B0}.Debug|ARM.Build.0 = Debug|Any CPU
		{6EDCDF84-6862-41F6-8E68-E077D5AB67B0}.Debug|x64.ActiveCfg = Debug|Any CPU
		{6EDCDF84-6862-41F6-8E68-E077D5AB67B0}.Debug|x64.Build.0 = Debug|Any CPU
		{6EDCDF84-6862-41F6-8E68-E077D5AB67B0}.Debug|x86.ActiveCfg = Debug|Any CPU
		{6EDCDF84-6862-41F6-8E68-E077D5AB67B0}.Debug|x86.Build.0 = Debug|Any CPU
		{6EDCDF84-6862-41F6-8E68-E077D5AB67B0}.Release|Any CPU.ActiveCfg = Release|Any CPU
		{6EDCDF84-6862-41F6-8E68-E077D5AB67B0}.Release|Any CPU.Build.0 = Release|Any CPU
		{6EDCDF84-6862-41F6-8E68-E077D5AB67B0}.Release|ARM.ActiveCfg = Release|Any CPU
		{6EDCDF84-6862-41F6-8E68-E077D5AB67B0}.Release|ARM.Build.0 = Release|Any CPU
		{6EDCDF84-6862-41F6-8E68-E077D5AB67B0}.Release|x64.ActiveCfg = Release|Any CPU
		{6EDCDF84-6862-41F6-8E68-E077D5AB67B0}.Release|x64.Build.0 = Release|Any CPU
		{6EDCDF84-6862-41F6-8E68-E077D5AB67B0}.Release|x86.ActiveCfg = Release|Any CPU
		{6EDCDF84-6862-41F6-8E68-E077D5AB67B0}.Release|x86.Build.0 = Release|Any CPU
		{16CE9363-E66B-4F58-840E-03C9EFDD7A76}.Debug|Any CPU.ActiveCfg = Debug|Any CPU
		{16CE9363-E66B-4F58-840E-03C9EFDD7A76}.Debug|Any CPU.Build.0 = Debug|Any CPU
		{16CE9363-E66B-4F58-840E-03C9EFDD7A76}.Debug|ARM.ActiveCfg = Debug|ARM
		{16CE9363-E66B-4F58-840E-03C9EFDD7A76}.Debug|ARM.Build.0 = Debug|ARM
		{16CE9363-E66B-4F58-840E-03C9EFDD7A76}.Debug|x64.ActiveCfg = Debug|Any CPU
		{16CE9363-E66B-4F58-840E-03C9EFDD7A76}.Debug|x64.Build.0 = Debug|Any CPU
		{16CE9363-E66B-4F58-840E-03C9EFDD7A76}.Debug|x86.ActiveCfg = Debug|x86
		{16CE9363-E66B-4F58-840E-03C9EFDD7A76}.Debug|x86.Build.0 = Debug|x86
		{16CE9363-E66B-4F58-840E-03C9EFDD7A76}.Release|Any CPU.ActiveCfg = Release|Any CPU
		{16CE9363-E66B-4F58-840E-03C9EFDD7A76}.Release|Any CPU.Build.0 = Release|Any CPU
		{16CE9363-E66B-4F58-840E-03C9EFDD7A76}.Release|ARM.ActiveCfg = Release|ARM
		{16CE9363-E66B-4F58-840E-03C9EFDD7A76}.Release|ARM.Build.0 = Release|ARM
		{16CE9363-E66B-4F58-840E-03C9EFDD7A76}.Release|x64.ActiveCfg = Release|Any CPU
		{16CE9363-E66B-4F58-840E-03C9EFDD7A76}.Release|x64.Build.0 = Release|Any CPU
		{16CE9363-E66B-4F58-840E-03C9EFDD7A76}.Release|x86.ActiveCfg = Release|x86
		{16CE9363-E66B-4F58-840E-03C9EFDD7A76}.Release|x86.Build.0 = Release|x86
		{FCFF8D97-D69E-4E47-ACB4-14870BA29351}.Debug|Any CPU.ActiveCfg = Debug|Any CPU
		{FCFF8D97-D69E-4E47-ACB4-14870BA29351}.Debug|Any CPU.Build.0 = Debug|Any CPU
		{FCFF8D97-D69E-4E47-ACB4-14870BA29351}.Debug|ARM.ActiveCfg = Debug|ARM
		{FCFF8D97-D69E-4E47-ACB4-14870BA29351}.Debug|ARM.Build.0 = Debug|ARM
		{FCFF8D97-D69E-4E47-ACB4-14870BA29351}.Debug|x64.ActiveCfg = Debug|x64
		{FCFF8D97-D69E-4E47-ACB4-14870BA29351}.Debug|x64.Build.0 = Debug|x64
		{FCFF8D97-D69E-4E47-ACB4-14870BA29351}.Debug|x86.ActiveCfg = Debug|x86
		{FCFF8D97-D69E-4E47-ACB4-14870BA29351}.Debug|x86.Build.0 = Debug|x86
		{FCFF8D97-D69E-4E47-ACB4-14870BA29351}.Release|Any CPU.ActiveCfg = Release|Any CPU
		{FCFF8D97-D69E-4E47-ACB4-14870BA29351}.Release|Any CPU.Build.0 = Release|Any CPU
		{FCFF8D97-D69E-4E47-ACB4-14870BA29351}.Release|ARM.ActiveCfg = Release|ARM
		{FCFF8D97-D69E-4E47-ACB4-14870BA29351}.Release|ARM.Build.0 = Release|ARM
		{FCFF8D97-D69E-4E47-ACB4-14870BA29351}.Release|x64.ActiveCfg = Release|x64
		{FCFF8D97-D69E-4E47-ACB4-14870BA29351}.Release|x64.Build.0 = Release|x64
		{FCFF8D97-D69E-4E47-ACB4-14870BA29351}.Release|x86.ActiveCfg = Release|x86
		{FCFF8D97-D69E-4E47-ACB4-14870BA29351}.Release|x86.Build.0 = Release|x86
		{8C480BDA-1B68-4C0B-9853-630514802135}.Debug|Any CPU.ActiveCfg = Debug|Any CPU
		{8C480BDA-1B68-4C0B-9853-630514802135}.Debug|Any CPU.Build.0 = Debug|Any CPU
		{8C480BDA-1B68-4C0B-9853-630514802135}.Debug|ARM.ActiveCfg = Debug|Any CPU
		{8C480BDA-1B68-4C0B-9853-630514802135}.Debug|ARM.Build.0 = Debug|Any CPU
		{8C480BDA-1B68-4C0B-9853-630514802135}.Debug|x64.ActiveCfg = Debug|Any CPU
		{8C480BDA-1B68-4C0B-9853-630514802135}.Debug|x64.Build.0 = Debug|Any CPU
		{8C480BDA-1B68-4C0B-9853-630514802135}.Debug|x86.ActiveCfg = Debug|Any CPU
		{8C480BDA-1B68-4C0B-9853-630514802135}.Debug|x86.Build.0 = Debug|Any CPU
		{8C480BDA-1B68-4C0B-9853-630514802135}.Release|Any CPU.ActiveCfg = Release|Any CPU
		{8C480BDA-1B68-4C0B-9853-630514802135}.Release|Any CPU.Build.0 = Release|Any CPU
		{8C480BDA-1B68-4C0B-9853-630514802135}.Release|ARM.ActiveCfg = Release|Any CPU
		{8C480BDA-1B68-4C0B-9853-630514802135}.Release|ARM.Build.0 = Release|Any CPU
		{8C480BDA-1B68-4C0B-9853-630514802135}.Release|x64.ActiveCfg = Release|Any CPU
		{8C480BDA-1B68-4C0B-9853-630514802135}.Release|x64.Build.0 = Release|Any CPU
		{8C480BDA-1B68-4C0B-9853-630514802135}.Release|x86.ActiveCfg = Release|Any CPU
		{8C480BDA-1B68-4C0B-9853-630514802135}.Release|x86.Build.0 = Release|Any CPU
		{DD48240B-6C5E-487C-8B4C-549CF7C22E08}.Debug|Any CPU.ActiveCfg = Debug|Any CPU
		{DD48240B-6C5E-487C-8B4C-549CF7C22E08}.Debug|Any CPU.Build.0 = Debug|Any CPU
		{DD48240B-6C5E-487C-8B4C-549CF7C22E08}.Debug|ARM.ActiveCfg = Debug|Any CPU
		{DD48240B-6C5E-487C-8B4C-549CF7C22E08}.Debug|ARM.Build.0 = Debug|Any CPU
		{DD48240B-6C5E-487C-8B4C-549CF7C22E08}.Debug|x64.ActiveCfg = Debug|Any CPU
		{DD48240B-6C5E-487C-8B4C-549CF7C22E08}.Debug|x64.Build.0 = Debug|Any CPU
		{DD48240B-6C5E-487C-8B4C-549CF7C22E08}.Debug|x86.ActiveCfg = Debug|Any CPU
		{DD48240B-6C5E-487C-8B4C-549CF7C22E08}.Debug|x86.Build.0 = Debug|Any CPU
		{DD48240B-6C5E-487C-8B4C-549CF7C22E08}.Release|Any CPU.ActiveCfg = Release|Any CPU
		{DD48240B-6C5E-487C-8B4C-549CF7C22E08}.Release|Any CPU.Build.0 = Release|Any CPU
		{DD48240B-6C5E-487C-8B4C-549CF7C22E08}.Release|ARM.ActiveCfg = Release|Any CPU
		{DD48240B-6C5E-487C-8B4C-549CF7C22E08}.Release|ARM.Build.0 = Release|Any CPU
		{DD48240B-6C5E-487C-8B4C-549CF7C22E08}.Release|x64.ActiveCfg = Release|Any CPU
		{DD48240B-6C5E-487C-8B4C-549CF7C22E08}.Release|x64.Build.0 = Release|Any CPU
		{DD48240B-6C5E-487C-8B4C-549CF7C22E08}.Release|x86.ActiveCfg = Release|Any CPU
		{DD48240B-6C5E-487C-8B4C-549CF7C22E08}.Release|x86.Build.0 = Release|Any CPU
	EndGlobalSection
	GlobalSection(SolutionProperties) = preSolution
		HideSolutionNode = FALSE
	EndGlobalSection
EndGlobal
